
Microsoft Visual Studio Solution File, Format Version 12.00
# Visual Studio Version 17
VisualStudioVersion = 17.1.32210.238
MinimumVisualStudioVersion = 10.0.40219.1
Project("{FAE04EC0-301F-11D3-BF4B-00C04F79EFBC}") = "Homee", "Homee\Homee.csproj", "{8AEC7212-5F89-48FD-8AB7-84F07E4F5D06}"
EndProject
Global
	GlobalSection(SolutionConfigurationPlatforms) = preSolution
		Debug|Any CPU = Debug|Any CPU
		Release|Any CPU = Release|Any CPU
	EndGlobalSection
	GlobalSection(ProjectConfigurationPlatforms) = postSolution
		{8AEC7212-5F89-48FD-8AB7-84F07E4F5D06}.Debug|Any CPU.ActiveCfg = Debug|Any CPU
		{8AEC7212-5F89-48FD-8AB7-84F07E4F5D06}.Debug|Any CPU.Build.0 = Debug|Any CPU
		{8AEC7212-5F89-48FD-8AB7-84F07E4F5D06}.Release|Any CPU.ActiveCfg = Release|Any CPU
		{8AEC7212-5F89-48FD-8AB7-84F07E4F5D06}.Release|Any CPU.Build.0 = Release|Any CPU
	EndGlobalSection
	GlobalSection(SolutionProperties) = preSolution
		HideSolutionNode = FALSE
	EndGlobalSection
	GlobalSection(ExtensibilityGlobals) = postSolution
		SolutionGuid = {A07DDFCE-0853-4206-8B8B-F18D9BF5B31D}
	EndGlobalSection
EndGlobal
